
Microsoft Visual Studio Solution File, Format Version 12.00
# Visual Studio Version 17
VisualStudioVersion = 17.9.34622.214
MinimumVisualStudioVersion = 10.0.40219.1
Project("{FAE04EC0-301F-11D3-BF4B-00C04F79EFBC}") = "VicTest", "VicTest.csproj", "{560BCA58-0AF7-4B65-987A-42336920A53B}"
EndProject
Global
	GlobalSection(SolutionConfigurationPlatforms) = preSolution
		Debug|Any CPU = Debug|Any CPU
		Release|Any CPU = Release|Any CPU
	EndGlobalSection
	GlobalSection(ProjectConfigurationPlatforms) = postSolution
		{560BCA58-0AF7-4B65-987A-42336920A53B}.Debug|Any CPU.ActiveCfg = Debug|Any CPU
		{560BCA58-0AF7-4B65-987A-42336920A53B}.Debug|Any CPU.Build.0 = Debug|Any CPU
		{560BCA58-0AF7-4B65-987A-42336920A53B}.Release|Any CPU.ActiveCfg = Release|Any CPU
		{560BCA58-0AF7-4B65-987A-42336920A53B}.Release|Any CPU.Build.0 = Release|Any CPU
	EndGlobalSection
	GlobalSection(SolutionProperties) = preSolution
		HideSolutionNode = FALSE
	EndGlobalSection
	GlobalSection(ExtensibilityGlobals) = postSolution
		SolutionGuid = {3C3024CF-9E68-456D-B870-DF14E6992C35}
	EndGlobalSection
EndGlobal
